{
  "name": "maximacut-frontend",
  "lockfileVersion": 3,
  "requires": true,
  "packages": {
    "": {
      "name": "maximacut-frontend",
      "version": "1.0.0",
      "dependencies": {
        "react": "^18.2.0",
        "react-dom": "^18.2.0",
        "lucide-react": "^0.260.0"
      },
      "devDependencies": {
        "@vitejs/plugin-react": "^4.0.0",
        "vite": "^4.0.0"
      }
    },
    "node_modules/lucide-react": {
      "version": "0.260.0",
      "resolved": "https://registry.npmjs.org/lucide-react/-/lucide-react-0.260.0.tgz",
      "integrity": "sha512-fakeintegrity"
    }
  }
}